// !$*UTF8*$!
{
	archiveVersion = 1;
	classes = {
	};
	objectVersion = 56;
	objects = {

/* Begin PBXBuildFile section */
		7960640C2C96DD08000ACF69 /* HTGApp.swift in Sources */ = {isa = PBXBuildFile; fileRef = 7960640B2C96DD08000ACF69 /* HTGApp.swift */; };
		796064102C96DD09000ACF69 /* Assets.xcassets in Resources */ = {isa = PBXBuildFile; fileRef = 7960640F2C96DD09000ACF69 /* Assets.xcassets */; };
		796064132C96DD09000ACF69 /* Preview Assets.xcassets in Resources */ = {isa = PBXBuildFile; fileRef = 796064122C96DD09000ACF69 /* Preview Assets.xcassets */; };
		7960641C2C96DD34000ACF69 /* Onboard.swift in Sources */ = {isa = PBXBuildFile; fileRef = 7960641B2C96DD34000ACF69 /* Onboard.swift */; };
		796064212C96EC0F000ACF69 /* HomeView.swift in Sources */ = {isa = PBXBuildFile; fileRef = 796064202C96EC0F000ACF69 /* HomeView.swift */; };
		796064262C96FA37000ACF69 /* GiveupOnboardView.swift in Sources */ = {isa = PBXBuildFile; fileRef = 796064252C96FA37000ACF69 /* GiveupOnboardView.swift */; };
		79D33B382C97F70300F7DC1D /* GiveupViewModel.swift in Sources */ = {isa = PBXBuildFile; fileRef = 79D33B372C97F70300F7DC1D /* GiveupViewModel.swift */; };
		79D33B3B2C97F81E00F7DC1D /* Buttons.swift in Sources */ = {isa = PBXBuildFile; fileRef = 79D33B3A2C97F81E00F7DC1D /* Buttons.swift */; };
		79D33B3D2C98018C00F7DC1D /* HomeViewModel.swift in Sources */ = {isa = PBXBuildFile; fileRef = 79D33B3C2C98018C00F7DC1D /* HomeViewModel.swift */; };
		79D33B3F2C98039900F7DC1D /* GiveupTitleView.swift in Sources */ = {isa = PBXBuildFile; fileRef = 79D33B3E2C98039900F7DC1D /* GiveupTitleView.swift */; };
		79D33B412C9809C600F7DC1D /* GiveupFeelView.swift in Sources */ = {isa = PBXBuildFile; fileRef = 79D33B402C9809C600F7DC1D /* GiveupFeelView.swift */; };
		79D33B432C9811D300F7DC1D /* Rects.swift in Sources */ = {isa = PBXBuildFile; fileRef = 79D33B422C9811D300F7DC1D /* Rects.swift */; };
		79D33B452C985E6A00F7DC1D /* Colors.swift in Sources */ = {isa = PBXBuildFile; fileRef = 79D33B442C985E6A00F7DC1D /* Colors.swift */; };
		79D33B482C987CF500F7DC1D /* ChatView.swift in Sources */ = {isa = PBXBuildFile; fileRef = 79D33B472C987CF500F7DC1D /* ChatView.swift */; };
		79D33B4B2C987DDB00F7DC1D /* TypingChatAnimationView.swift in Sources */ = {isa = PBXBuildFile; fileRef = 79D33B4A2C987DDB00F7DC1D /* TypingChatAnimationView.swift */; };
		79D33B4D2C987DF200F7DC1D /* EmptyTypingChatAnimationView.swift in Sources */ = {isa = PBXBuildFile; fileRef = 79D33B4C2C987DF200F7DC1D /* EmptyTypingChatAnimationView.swift */; };
		79D33B502C987FC500F7DC1D /* ChatModel.swift in Sources */ = {isa = PBXBuildFile; fileRef = 79D33B4F2C987FC500F7DC1D /* ChatModel.swift */; };
		79D33B522C9953C400F7DC1D /* HTGSlidePicker.swift in Sources */ = {isa = PBXBuildFile; fileRef = 79D33B512C9953C400F7DC1D /* HTGSlidePicker.swift */; };
		79D33B542C99563000F7DC1D /* GiveupAnotherView.swift in Sources */ = {isa = PBXBuildFile; fileRef = 79D33B532C99563000F7DC1D /* GiveupAnotherView.swift */; };
		79D33B562C9957EF00F7DC1D /* GiveupDateView.swift in Sources */ = {isa = PBXBuildFile; fileRef = 79D33B552C9957EF00F7DC1D /* GiveupDateView.swift */; };
		79D33B582C99BD1D00F7DC1D /* CalloutBlock.swift in Sources */ = {isa = PBXBuildFile; fileRef = 79D33B572C99BD1D00F7DC1D /* CalloutBlock.swift */; };
		79D33B5B2C99BD7A00F7DC1D /* Date+.swift in Sources */ = {isa = PBXBuildFile; fileRef = 79D33B5A2C99BD7A00F7DC1D /* Date+.swift */; };
		79D33B5D2C99D79100F7DC1D /* GiveupResultView.swift in Sources */ = {isa = PBXBuildFile; fileRef = 79D33B5C2C99D79100F7DC1D /* GiveupResultView.swift */; };
		79D33B5F2C99E39300F7DC1D /* FeelModel.swift in Sources */ = {isa = PBXBuildFile; fileRef = 79D33B5E2C99E39300F7DC1D /* FeelModel.swift */; };
/* End PBXBuildFile section */

/* Begin PBXFileReference section */
		796064082C96DD08000ACF69 /* HTG.app */ = {isa = PBXFileReference; explicitFileType = wrapper.application; includeInIndex = 0; path = HTG.app; sourceTree = BUILT_PRODUCTS_DIR; };
		7960640B2C96DD08000ACF69 /* HTGApp.swift */ = {isa = PBXFileReference; lastKnownFileType = sourcecode.swift; path = HTGApp.swift; sourceTree = "<group>"; };
		7960640F2C96DD09000ACF69 /* Assets.xcassets */ = {isa = PBXFileReference; lastKnownFileType = folder.assetcatalog; path = Assets.xcassets; sourceTree = "<group>"; };
		796064122C96DD09000ACF69 /* Preview Assets.xcassets */ = {isa = PBXFileReference; lastKnownFileType = folder.assetcatalog; path = "Preview Assets.xcassets"; sourceTree = "<group>"; };
		7960641B2C96DD34000ACF69 /* Onboard.swift */ = {isa = PBXFileReference; lastKnownFileType = sourcecode.swift; path = Onboard.swift; sourceTree = "<group>"; };
		796064202C96EC0F000ACF69 /* HomeView.swift */ = {isa = PBXFileReference; lastKnownFileType = sourcecode.swift; path = HomeView.swift; sourceTree = "<group>"; };
		796064252C96FA37000ACF69 /* GiveupOnboardView.swift */ = {isa = PBXFileReference; lastKnownFileType = sourcecode.swift; path = GiveupOnboardView.swift; sourceTree = "<group>"; };
		79D33B372C97F70300F7DC1D /* GiveupViewModel.swift */ = {isa = PBXFileReference; lastKnownFileType = sourcecode.swift; path = GiveupViewModel.swift; sourceTree = "<group>"; };
		79D33B3A2C97F81E00F7DC1D /* Buttons.swift */ = {isa = PBXFileReference; lastKnownFileType = sourcecode.swift; path = Buttons.swift; sourceTree = "<group>"; };
		79D33B3C2C98018C00F7DC1D /* HomeViewModel.swift */ = {isa = PBXFileReference; lastKnownFileType = sourcecode.swift; path = HomeViewModel.swift; sourceTree = "<group>"; };
		79D33B3E2C98039900F7DC1D /* GiveupTitleView.swift */ = {isa = PBXFileReference; lastKnownFileType = sourcecode.swift; path = GiveupTitleView.swift; sourceTree = "<group>"; };
		79D33B402C9809C600F7DC1D /* GiveupFeelView.swift */ = {isa = PBXFileReference; lastKnownFileType = sourcecode.swift; path = GiveupFeelView.swift; sourceTree = "<group>"; };
		79D33B422C9811D300F7DC1D /* Rects.swift */ = {isa = PBXFileReference; lastKnownFileType = sourcecode.swift; path = Rects.swift; sourceTree = "<group>"; };
		79D33B442C985E6A00F7DC1D /* Colors.swift */ = {isa = PBXFileReference; lastKnownFileType = sourcecode.swift; path = Colors.swift; sourceTree = "<group>"; };
		79D33B472C987CF500F7DC1D /* ChatView.swift */ = {isa = PBXFileReference; lastKnownFileType = sourcecode.swift; path = ChatView.swift; sourceTree = "<group>"; };
		79D33B4A2C987DDB00F7DC1D /* TypingChatAnimationView.swift */ = {isa = PBXFileReference; lastKnownFileType = sourcecode.swift; path = TypingChatAnimationView.swift; sourceTree = "<group>"; };
		79D33B4C2C987DF200F7DC1D /* EmptyTypingChatAnimationView.swift */ = {isa = PBXFileReference; lastKnownFileType = sourcecode.swift; path = EmptyTypingChatAnimationView.swift; sourceTree = "<group>"; };
		79D33B4F2C987FC500F7DC1D /* ChatModel.swift */ = {isa = PBXFileReference; lastKnownFileType = sourcecode.swift; path = ChatModel.swift; sourceTree = "<group>"; };
		79D33B512C9953C400F7DC1D /* HTGSlidePicker.swift */ = {isa = PBXFileReference; lastKnownFileType = sourcecode.swift; path = HTGSlidePicker.swift; sourceTree = "<group>"; };
		79D33B532C99563000F7DC1D /* GiveupAnotherView.swift */ = {isa = PBXFileReference; lastKnownFileType = sourcecode.swift; path = GiveupAnotherView.swift; sourceTree = "<group>"; };
		79D33B552C9957EF00F7DC1D /* GiveupDateView.swift */ = {isa = PBXFileReference; lastKnownFileType = sourcecode.swift; path = GiveupDateView.swift; sourceTree = "<group>"; };
		79D33B572C99BD1D00F7DC1D /* CalloutBlock.swift */ = {isa = PBXFileReference; lastKnownFileType = sourcecode.swift; path = CalloutBlock.swift; sourceTree = "<group>"; };
		79D33B5A2C99BD7A00F7DC1D /* Date+.swift */ = {isa = PBXFileReference; lastKnownFileType = sourcecode.swift; path = "Date+.swift"; sourceTree = "<group>"; };
		79D33B5C2C99D79100F7DC1D /* GiveupResultView.swift */ = {isa = PBXFileReference; lastKnownFileType = sourcecode.swift; path = GiveupResultView.swift; sourceTree = "<group>"; };
		79D33B5E2C99E39300F7DC1D /* FeelModel.swift */ = {isa = PBXFileReference; lastKnownFileType = sourcecode.swift; path = FeelModel.swift; sourceTree = "<group>"; };
/* End PBXFileReference section */

/* Begin PBXFrameworksBuildPhase section */
		796064052C96DD08000ACF69 /* Frameworks */ = {
			isa = PBXFrameworksBuildPhase;
			buildActionMask = 2147483647;
			files = (
			);
			runOnlyForDeploymentPostprocessing = 0;
		};
/* End PBXFrameworksBuildPhase section */

/* Begin PBXGroup section */
		796063FF2C96DD08000ACF69 = {
			isa = PBXGroup;
			children = (
				7960640A2C96DD08000ACF69 /* HTG */,
				796064092C96DD08000ACF69 /* Products */,
			);
			sourceTree = "<group>";
		};
		796064092C96DD08000ACF69 /* Products */ = {
			isa = PBXGroup;
			children = (
				796064082C96DD08000ACF69 /* HTG.app */,
			);
			name = Products;
			sourceTree = "<group>";
		};
		7960640A2C96DD08000ACF69 /* HTG */ = {
			isa = PBXGroup;
			children = (
				79D33B392C97F81400F7DC1D /* Core */,
				79D33B4E2C987FBB00F7DC1D /* Domain */,
				796064192C96DD20000ACF69 /* Feature */,
				7960640B2C96DD08000ACF69 /* HTGApp.swift */,
				7960640F2C96DD09000ACF69 /* Assets.xcassets */,
				796064112C96DD09000ACF69 /* Preview Content */,
			);
			path = HTG;
			sourceTree = "<group>";
		};
		796064112C96DD09000ACF69 /* Preview Content */ = {
			isa = PBXGroup;
			children = (
				796064122C96DD09000ACF69 /* Preview Assets.xcassets */,
			);
			path = "Preview Content";
			sourceTree = "<group>";
		};
		796064192C96DD20000ACF69 /* Feature */ = {
			isa = PBXGroup;
			children = (
				79D33B462C987CE700F7DC1D /* CommonViews */,
				796064242C96FA20000ACF69 /* Giveup */,
				7960641D2C96EBE6000ACF69 /* Home */,
				7960641A2C96DD28000ACF69 /* Onboard */,
			);
			path = Feature;
			sourceTree = "<group>";
		};
		7960641A2C96DD28000ACF69 /* Onboard */ = {
			isa = PBXGroup;
			children = (
				7960641B2C96DD34000ACF69 /* Onboard.swift */,
			);
			path = Onboard;
			sourceTree = "<group>";
		};
		7960641D2C96EBE6000ACF69 /* Home */ = {
			isa = PBXGroup;
			children = (
				796064202C96EC0F000ACF69 /* HomeView.swift */,
				79D33B3C2C98018C00F7DC1D /* HomeViewModel.swift */,
			);
			path = Home;
			sourceTree = "<group>";
		};
		796064242C96FA20000ACF69 /* Giveup */ = {
			isa = PBXGroup;
			children = (
				79D33B592C99BD5800F7DC1D /* Comps */,
				796064252C96FA37000ACF69 /* GiveupOnboardView.swift */,
				79D33B372C97F70300F7DC1D /* GiveupViewModel.swift */,
				79D33B3E2C98039900F7DC1D /* GiveupTitleView.swift */,
				79D33B402C9809C600F7DC1D /* GiveupFeelView.swift */,
				79D33B532C99563000F7DC1D /* GiveupAnotherView.swift */,
				79D33B552C9957EF00F7DC1D /* GiveupDateView.swift */,
				79D33B5C2C99D79100F7DC1D /* GiveupResultView.swift */,
			);
			path = Giveup;
			sourceTree = "<group>";
		};
		79D33B392C97F81400F7DC1D /* Core */ = {
			isa = PBXGroup;
			children = (
				79D33B492C987D8200F7DC1D /* ChatViews */,
				79D33B3A2C97F81E00F7DC1D /* Buttons.swift */,
				79D33B422C9811D300F7DC1D /* Rects.swift */,
				79D33B442C985E6A00F7DC1D /* Colors.swift */,
				79D33B512C9953C400F7DC1D /* HTGSlidePicker.swift */,
			);
			path = Core;
			sourceTree = "<group>";
		};
		79D33B462C987CE700F7DC1D /* CommonViews */ = {
			isa = PBXGroup;
			children = (
			);
			path = CommonViews;
			sourceTree = "<group>";
		};
		79D33B492C987D8200F7DC1D /* ChatViews */ = {
			isa = PBXGroup;
			children = (
				79D33B472C987CF500F7DC1D /* ChatView.swift */,
				79D33B4A2C987DDB00F7DC1D /* TypingChatAnimationView.swift */,
				79D33B4C2C987DF200F7DC1D /* EmptyTypingChatAnimationView.swift */,
			);
			path = ChatViews;
			sourceTree = "<group>";
		};
		79D33B4E2C987FBB00F7DC1D /* Domain */ = {
			isa = PBXGroup;
			children = (
				79D33B4F2C987FC500F7DC1D /* ChatModel.swift */,
				79D33B5E2C99E39300F7DC1D /* FeelModel.swift */,
			);
			path = Domain;
			sourceTree = "<group>";
		};
		79D33B592C99BD5800F7DC1D /* Comps */ = {
			isa = PBXGroup;
			children = (
				79D33B572C99BD1D00F7DC1D /* CalloutBlock.swift */,
				79D33B5A2C99BD7A00F7DC1D /* Date+.swift */,
			);
			path = Comps;
			sourceTree = "<group>";
		};
/* End PBXGroup section */

/* Begin PBXNativeTarget section */
		796064072C96DD08000ACF69 /* HTG */ = {
			isa = PBXNativeTarget;
			buildConfigurationList = 796064162C96DD09000ACF69 /* Build configuration list for PBXNativeTarget "HTG" */;
			buildPhases = (
				796064042C96DD08000ACF69 /* Sources */,
				796064052C96DD08000ACF69 /* Frameworks */,
				796064062C96DD08000ACF69 /* Resources */,
			);
			buildRules = (
			);
			dependencies = (
			);
			name = HTG;
			productName = HTG;
			productReference = 796064082C96DD08000ACF69 /* HTG.app */;
			productType = "com.apple.product-type.application";
		};
/* End PBXNativeTarget section */

/* Begin PBXProject section */
		796064002C96DD08000ACF69 /* Project object */ = {
			isa = PBXProject;
			attributes = {
				BuildIndependentTargetsInParallel = 1;
				LastSwiftUpdateCheck = 1540;
				LastUpgradeCheck = 1540;
				TargetAttributes = {
					796064072C96DD08000ACF69 = {
						CreatedOnToolsVersion = 15.4;
					};
				};
			};
			buildConfigurationList = 796064032C96DD08000ACF69 /* Build configuration list for PBXProject "HTG" */;
			compatibilityVersion = "Xcode 14.0";
			developmentRegion = en;
			hasScannedForEncodings = 0;
			knownRegions = (
				en,
				Base,
			);
			mainGroup = 796063FF2C96DD08000ACF69;
			productRefGroup = 796064092C96DD08000ACF69 /* Products */;
			projectDirPath = "";
			projectRoot = "";
			targets = (
				796064072C96DD08000ACF69 /* HTG */,
			);
		};
/* End PBXProject section */

/* Begin PBXResourcesBuildPhase section */
		796064062C96DD08000ACF69 /* Resources */ = {
			isa = PBXResourcesBuildPhase;
			buildActionMask = 2147483647;
			files = (
				796064132C96DD09000ACF69 /* Preview Assets.xcassets in Resources */,
				796064102C96DD09000ACF69 /* Assets.xcassets in Resources */,
			);
			runOnlyForDeploymentPostprocessing = 0;
		};
/* End PBXResourcesBuildPhase section */

/* Begin PBXSourcesBuildPhase section */
		796064042C96DD08000ACF69 /* Sources */ = {
			isa = PBXSourcesBuildPhase;
			buildActionMask = 2147483647;
			files = (
				79D33B562C9957EF00F7DC1D /* GiveupDateView.swift in Sources */,
				79D33B3B2C97F81E00F7DC1D /* Buttons.swift in Sources */,
				79D33B452C985E6A00F7DC1D /* Colors.swift in Sources */,
				79D33B5F2C99E39300F7DC1D /* FeelModel.swift in Sources */,
				79D33B3F2C98039900F7DC1D /* GiveupTitleView.swift in Sources */,
				79D33B5D2C99D79100F7DC1D /* GiveupResultView.swift in Sources */,
				796064212C96EC0F000ACF69 /* HomeView.swift in Sources */,
				79D33B482C987CF500F7DC1D /* ChatView.swift in Sources */,
				79D33B522C9953C400F7DC1D /* HTGSlidePicker.swift in Sources */,
				79D33B5B2C99BD7A00F7DC1D /* Date+.swift in Sources */,
				79D33B502C987FC500F7DC1D /* ChatModel.swift in Sources */,
				79D33B542C99563000F7DC1D /* GiveupAnotherView.swift in Sources */,
				79D33B412C9809C600F7DC1D /* GiveupFeelView.swift in Sources */,
				79D33B3D2C98018C00F7DC1D /* HomeViewModel.swift in Sources */,
				79D33B432C9811D300F7DC1D /* Rects.swift in Sources */,
				796064262C96FA37000ACF69 /* GiveupOnboardView.swift in Sources */,
				79D33B4D2C987DF200F7DC1D /* EmptyTypingChatAnimationView.swift in Sources */,
				79D33B4B2C987DDB00F7DC1D /* TypingChatAnimationView.swift in Sources */,
				7960640C2C96DD08000ACF69 /* HTGApp.swift in Sources */,
				79D33B382C97F70300F7DC1D /* GiveupViewModel.swift in Sources */,
				79D33B582C99BD1D00F7DC1D /* CalloutBlock.swift in Sources */,
				7960641C2C96DD34000ACF69 /* Onboard.swift in Sources */,
			);
			runOnlyForDeploymentPostprocessing = 0;
		};
/* End PBXSourcesBuildPhase section */

/* Begin XCBuildConfiguration section */
		796064142C96DD09000ACF69 /* Debug */ = {
			isa = XCBuildConfiguration;
			buildSettings = {
				ALWAYS_SEARCH_USER_PATHS = NO;
				ASSETCATALOG_COMPILER_GENERATE_SWIFT_ASSET_SYMBOL_EXTENSIONS = YES;
				CLANG_ANALYZER_NONNULL = YES;
				CLANG_ANALYZER_NUMBER_OBJECT_CONVERSION = YES_AGGRESSIVE;
				CLANG_CXX_LANGUAGE_STANDARD = "gnu++20";
				CLANG_ENABLE_MODULES = YES;
				CLANG_ENABLE_OBJC_ARC = YES;
				CLANG_ENABLE_OBJC_WEAK = YES;
				CLANG_WARN_BLOCK_CAPTURE_AUTORELEASING = YES;
				CLANG_WARN_BOOL_CONVERSION = YES;
				CLANG_WARN_COMMA = YES;
				CLANG_WARN_CONSTANT_CONVERSION = YES;
				CLANG_WARN_DEPRECATED_OBJC_IMPLEMENTATIONS = YES;
				CLANG_WARN_DIRECT_OBJC_ISA_USAGE = YES_ERROR;
				CLANG_WARN_DOCUMENTATION_COMMENTS = YES;
				CLANG_WARN_EMPTY_BODY = YES;
				CLANG_WARN_ENUM_CONVERSION = YES;
				CLANG_WARN_INFINITE_RECURSION = YES;
				CLANG_WARN_INT_CONVERSION = YES;
				CLANG_WARN_NON_LITERAL_NULL_CONVERSION = YES;
				CLANG_WARN_OBJC_IMPLICIT_RETAIN_SELF = YES;
				CLANG_WARN_OBJC_LITERAL_CONVERSION = YES;
				CLANG_WARN_OBJC_ROOT_CLASS = YES_ERROR;
				CLANG_WARN_QUOTED_INCLUDE_IN_FRAMEWORK_HEADER = YES;
				CLANG_WARN_RANGE_LOOP_ANALYSIS = YES;
				CLANG_WARN_STRICT_PROTOTYPES = YES;
				CLANG_WARN_SUSPICIOUS_MOVE = YES;
				CLANG_WARN_UNGUARDED_AVAILABILITY = YES_AGGRESSIVE;
				CLANG_WARN_UNREACHABLE_CODE = YES;
				CLANG_WARN__DUPLICATE_METHOD_MATCH = YES;
				COPY_PHASE_STRIP = NO;
				DEBUG_INFORMATION_FORMAT = dwarf;
				ENABLE_STRICT_OBJC_MSGSEND = YES;
				ENABLE_TESTABILITY = YES;
				ENABLE_USER_SCRIPT_SANDBOXING = YES;
				GCC_C_LANGUAGE_STANDARD = gnu17;
				GCC_DYNAMIC_NO_PIC = NO;
				GCC_NO_COMMON_BLOCKS = YES;
				GCC_OPTIMIZATION_LEVEL = 0;
				GCC_PREPROCESSOR_DEFINITIONS = (
					"DEBUG=1",
					"$(inherited)",
				);
				GCC_WARN_64_TO_32_BIT_CONVERSION = YES;
				GCC_WARN_ABOUT_RETURN_TYPE = YES_ERROR;
				GCC_WARN_UNDECLARED_SELECTOR = YES;
				GCC_WARN_UNINITIALIZED_AUTOS = YES_AGGRESSIVE;
				GCC_WARN_UNUSED_FUNCTION = YES;
				GCC_WARN_UNUSED_VARIABLE = YES;
				IPHONEOS_DEPLOYMENT_TARGET = 17.5;
				LOCALIZATION_PREFERS_STRING_CATALOGS = YES;
				MTL_ENABLE_DEBUG_INFO = INCLUDE_SOURCE;
				MTL_FAST_MATH = YES;
				ONLY_ACTIVE_ARCH = YES;
				SDKROOT = iphoneos;
				SWIFT_ACTIVE_COMPILATION_CONDITIONS = "DEBUG $(inherited)";
				SWIFT_OPTIMIZATION_LEVEL = "-Onone";
			};
			name = Debug;
		};
		796064152C96DD09000ACF69 /* Release */ = {
			isa = XCBuildConfiguration;
			buildSettings = {
				ALWAYS_SEARCH_USER_PATHS = NO;
				ASSETCATALOG_COMPILER_GENERATE_SWIFT_ASSET_SYMBOL_EXTENSIONS = YES;
				CLANG_ANALYZER_NONNULL = YES;
				CLANG_ANALYZER_NUMBER_OBJECT_CONVERSION = YES_AGGRESSIVE;
				CLANG_CXX_LANGUAGE_STANDARD = "gnu++20";
				CLANG_ENABLE_MODULES = YES;
				CLANG_ENABLE_OBJC_ARC = YES;
				CLANG_ENABLE_OBJC_WEAK = YES;
				CLANG_WARN_BLOCK_CAPTURE_AUTORELEASING = YES;
				CLANG_WARN_BOOL_CONVERSION = YES;
				CLANG_WARN_COMMA = YES;
				CLANG_WARN_CONSTANT_CONVERSION = YES;
				CLANG_WARN_DEPRECATED_OBJC_IMPLEMENTATIONS = YES;
				CLANG_WARN_DIRECT_OBJC_ISA_USAGE = YES_ERROR;
				CLANG_WARN_DOCUMENTATION_COMMENTS = YES;
				CLANG_WARN_EMPTY_BODY = YES;
				CLANG_WARN_ENUM_CONVERSION = YES;
				CLANG_WARN_INFINITE_RECURSION = YES;
				CLANG_WARN_INT_CONVERSION = YES;
				CLANG_WARN_NON_LITERAL_NULL_CONVERSION = YES;
				CLANG_WARN_OBJC_IMPLICIT_RETAIN_SELF = YES;
				CLANG_WARN_OBJC_LITERAL_CONVERSION = YES;
				CLANG_WARN_OBJC_ROOT_CLASS = YES_ERROR;
				CLANG_WARN_QUOTED_INCLUDE_IN_FRAMEWORK_HEADER = YES;
				CLANG_WARN_RANGE_LOOP_ANALYSIS = YES;
				CLANG_WARN_STRICT_PROTOTYPES = YES;
				CLANG_WARN_SUSPICIOUS_MOVE = YES;
				CLANG_WARN_UNGUARDED_AVAILABILITY = YES_AGGRESSIVE;
				CLANG_WARN_UNREACHABLE_CODE = YES;
				CLANG_WARN__DUPLICATE_METHOD_MATCH = YES;
				COPY_PHASE_STRIP = NO;
				DEBUG_INFORMATION_FORMAT = "dwarf-with-dsym";
				ENABLE_NS_ASSERTIONS = NO;
				ENABLE_STRICT_OBJC_MSGSEND = YES;
				ENABLE_USER_SCRIPT_SANDBOXING = YES;
				GCC_C_LANGUAGE_STANDARD = gnu17;
				GCC_NO_COMMON_BLOCKS = YES;
				GCC_WARN_64_TO_32_BIT_CONVERSION = YES;
				GCC_WARN_ABOUT_RETURN_TYPE = YES_ERROR;
				GCC_WARN_UNDECLARED_SELECTOR = YES;
				GCC_WARN_UNINITIALIZED_AUTOS = YES_AGGRESSIVE;
				GCC_WARN_UNUSED_FUNCTION = YES;
				GCC_WARN_UNUSED_VARIABLE = YES;
				IPHONEOS_DEPLOYMENT_TARGET = 17.5;
				LOCALIZATION_PREFERS_STRING_CATALOGS = YES;
				MTL_ENABLE_DEBUG_INFO = NO;
				MTL_FAST_MATH = YES;
				SDKROOT = iphoneos;
				SWIFT_COMPILATION_MODE = wholemodule;
				VALIDATE_PRODUCT = YES;
			};
			name = Release;
		};
		796064172C96DD09000ACF69 /* Debug */ = {
			isa = XCBuildConfiguration;
			buildSettings = {
				ASSETCATALOG_COMPILER_APPICON_NAME = AppIcon;
				ASSETCATALOG_COMPILER_GLOBAL_ACCENT_COLOR_NAME = AccentColor;
				CODE_SIGN_STYLE = Automatic;
				CURRENT_PROJECT_VERSION = 1;
				DEVELOPMENT_ASSET_PATHS = "\"HTG/Preview Content\"";
				DEVELOPMENT_TEAM = X64MATB2CC;
				ENABLE_PREVIEWS = YES;
				GENERATE_INFOPLIST_FILE = YES;
				INFOPLIST_KEY_UIApplicationSceneManifest_Generation = YES;
				INFOPLIST_KEY_UIApplicationSupportsIndirectInputEvents = YES;
				INFOPLIST_KEY_UILaunchScreen_Generation = YES;
				INFOPLIST_KEY_UISupportedInterfaceOrientations_iPad = "UIInterfaceOrientationPortrait UIInterfaceOrientationPortraitUpsideDown UIInterfaceOrientationLandscapeLeft UIInterfaceOrientationLandscapeRight";
				INFOPLIST_KEY_UISupportedInterfaceOrientations_iPhone = "UIInterfaceOrientationPortrait UIInterfaceOrientationLandscapeLeft UIInterfaceOrientationLandscapeRight";
				LD_RUNPATH_SEARCH_PATHS = (
					"$(inherited)",
					"@executable_path/Frameworks",
				);
				MARKETING_VERSION = 1.0;
				PRODUCT_BUNDLE_IDENTIFIER = annapo.HTG;
				PRODUCT_NAME = "$(TARGET_NAME)";
				SWIFT_EMIT_LOC_STRINGS = YES;
				SWIFT_VERSION = 5.0;
				TARGETED_DEVICE_FAMILY = "1,2";
			};
			name = Debug;
		};
		796064182C96DD09000ACF69 /* Release */ = {
			isa = XCBuildConfiguration;
			buildSettings = {
				ASSETCATALOG_COMPILER_APPICON_NAME = AppIcon;
				ASSETCATALOG_COMPILER_GLOBAL_ACCENT_COLOR_NAME = AccentColor;
				CODE_SIGN_STYLE = Automatic;
				CURRENT_PROJECT_VERSION = 1;
				DEVELOPMENT_ASSET_PATHS = "\"HTG/Preview Content\"";
				DEVELOPMENT_TEAM = X64MATB2CC;
				ENABLE_PREVIEWS = YES;
				GENERATE_INFOPLIST_FILE = YES;
				INFOPLIST_KEY_UIApplicationSceneManifest_Generation = YES;
				INFOPLIST_KEY_UIApplicationSupportsIndirectInputEvents = YES;
				INFOPLIST_KEY_UILaunchScreen_Generation = YES;
				INFOPLIST_KEY_UISupportedInterfaceOrientations_iPad = "UIInterfaceOrientationPortrait UIInterfaceOrientationPortraitUpsideDown UIInterfaceOrientationLandscapeLeft UIInterfaceOrientationLandscapeRight";
				INFOPLIST_KEY_UISupportedInterfaceOrientations_iPhone = "UIInterfaceOrientationPortrait UIInterfaceOrientationLandscapeLeft UIInterfaceOrientationLandscapeRight";
				LD_RUNPATH_SEARCH_PATHS = (
					"$(inherited)",
					"@executable_path/Frameworks",
				);
				MARKETING_VERSION = 1.0;
				PRODUCT_BUNDLE_IDENTIFIER = annapo.HTG;
				PRODUCT_NAME = "$(TARGET_NAME)";
				SWIFT_EMIT_LOC_STRINGS = YES;
				SWIFT_VERSION = 5.0;
				TARGETED_DEVICE_FAMILY = "1,2";
			};
			name = Release;
		};
/* End XCBuildConfiguration section */

/* Begin XCConfigurationList section */
		796064032C96DD08000ACF69 /* Build configuration list for PBXProject "HTG" */ = {
			isa = XCConfigurationList;
			buildConfigurations = (
				796064142C96DD09000ACF69 /* Debug */,
				796064152C96DD09000ACF69 /* Release */,
			);
			defaultConfigurationIsVisible = 0;
			defaultConfigurationName = Release;
		};
		796064162C96DD09000ACF69 /* Build configuration list for PBXNativeTarget "HTG" */ = {
			isa = XCConfigurationList;
			buildConfigurations = (
				796064172C96DD09000ACF69 /* Debug */,
				796064182C96DD09000ACF69 /* Release */,
			);
			defaultConfigurationIsVisible = 0;
			defaultConfigurationName = Release;
		};
/* End XCConfigurationList section */
	};
	rootObject = 796064002C96DD08000ACF69 /* Project object */;
}
